
Microsoft Visual Studio Solution File, Format Version 12.00
# Visual Studio Version 16
VisualStudioVersion = 16.0.29201.188
MinimumVisualStudioVersion = 10.0.40219.1
Project("{FAE04EC0-301F-11D3-BF4B-00C04F79EFBC}") = "Zhivko Servis", "Zhivko Servis\Zhivko Servis.csproj", "{9DCBD9B4-CEDA-4864-A548-2DF31BDEE19F}"
EndProject
Global
	GlobalSection(SolutionConfigurationPlatforms) = preSolution
		Debug|Any CPU = Debug|Any CPU
		Release|Any CPU = Release|Any CPU
	EndGlobalSection
	GlobalSection(ProjectConfigurationPlatforms) = postSolution
		{9DCBD9B4-CEDA-4864-A548-2DF31BDEE19F}.Debug|Any CPU.ActiveCfg = Debug|Any CPU
		{9DCBD9B4-CEDA-4864-A548-2DF31BDEE19F}.Debug|Any CPU.Build.0 = Debug|Any CPU
		{9DCBD9B4-CEDA-4864-A548-2DF31BDEE19F}.Release|Any CPU.ActiveCfg = Release|Any CPU
		{9DCBD9B4-CEDA-4864-A548-2DF31BDEE19F}.Release|Any CPU.Build.0 = Release|Any CPU
	EndGlobalSection
	GlobalSection(SolutionProperties) = preSolution
		HideSolutionNode = FALSE
	EndGlobalSection
	GlobalSection(ExtensibilityGlobals) = postSolution
		SolutionGuid = {7F61D411-A562-41CF-AC20-80F6F85D62A3}
	EndGlobalSection
EndGlobal
